
Microsoft Visual Studio Solution File, Format Version 12.00
# Visual Studio Version 16
VisualStudioVersion = 16.0.31205.134
MinimumVisualStudioVersion = 10.0.40219.1
Project("{8BC9CEB8-8B4A-11D0-8D11-00A0C91BC942}") = "test01", "_prj_msvc\test01.vcxproj", "{3D6DF49F-B8E5-4149-BD3B-66D02D68C200}"
	ProjectSection(ProjectDependencies) = postProject
		{A6A86DAD-D927-42FC-8FD8-725C43FFF8F4} = {A6A86DAD-D927-42FC-8FD8-725C43FFF8F4}
	EndProjectSection
EndProject
Project("{8BC9CEB8-8B4A-11D0-8D11-00A0C91BC942}") = "test01_dll", "_prj_msvc\test01_dll.vcxproj", "{A6A86DAD-D927-42FC-8FD8-725C43FFF8F4}"
EndProject
Project("{8BC9CEB8-8B4A-11D0-8D11-00A0C91BC942}") = "test02", "_prj_msvc\test02.vcxproj", "{360C7703-1F92-4AD7-ABA5-1D7513496641}"
	ProjectSection(ProjectDependencies) = postProject
		{572CE5FA-FC0C-4A34-BCFE-4F17D097B9B3} = {572CE5FA-FC0C-4A34-BCFE-4F17D097B9B3}
	EndProjectSection
EndProject
Project("{8BC9CEB8-8B4A-11D0-8D11-00A0C91BC942}") = "test02_dll", "_prj_msvc\test02_dll.vcxproj", "{572CE5FA-FC0C-4A34-BCFE-4F17D097B9B3}"
EndProject
Project("{8BC9CEB8-8B4A-11D0-8D11-00A0C91BC942}") = "test03", "_prj_msvc\test03.vcxproj", "{153CAD82-8C50-45CB-A3B6-C9EA4FCCDEF0}"
	ProjectSection(ProjectDependencies) = postProject
		{C9E6F250-09C3-44A7-A709-1A1B90AD6231} = {C9E6F250-09C3-44A7-A709-1A1B90AD6231}
	EndProjectSection
EndProject
Project("{8BC9CEB8-8B4A-11D0-8D11-00A0C91BC942}") = "test03_dll", "_prj_msvc\test03_dll.vcxproj", "{C9E6F250-09C3-44A7-A709-1A1B90AD6231}"
	ProjectSection(ProjectDependencies) = postProject
		{6DE78A45-B642-42FA-A469-EA8474162724} = {6DE78A45-B642-42FA-A469-EA8474162724}
	EndProjectSection
EndProject
Project("{8BC9CEB8-8B4A-11D0-8D11-00A0C91BC942}") = "detours", "_prj_msvc\detours.vcxproj", "{6DE78A45-B642-42FA-A469-EA8474162724}"
EndProject
Project("{8BC9CEB8-8B4A-11D0-8D11-00A0C91BC942}") = "test04", "_prj_msvc\test04.vcxproj", "{8A89C7CD-D6E2-407F-88BF-DDEED8DB9AAB}"
EndProject
Project("{8BC9CEB8-8B4A-11D0-8D11-00A0C91BC942}") = "test05", "_prj_msvc\test05.vcxproj", "{FAAA0FC5-9FE7-4C0B-8280-1BF4F2FE38EB}"
	ProjectSection(ProjectDependencies) = postProject
		{8E82213D-051B-4AD4-973E-8FF68AACB38D} = {8E82213D-051B-4AD4-973E-8FF68AACB38D}
		{6DE78A45-B642-42FA-A469-EA8474162724} = {6DE78A45-B642-42FA-A469-EA8474162724}
	EndProjectSection
EndProject
Project("{8BC9CEB8-8B4A-11D0-8D11-00A0C91BC942}") = "test05_dll", "_prj_msvc\test05_dll.vcxproj", "{8E82213D-051B-4AD4-973E-8FF68AACB38D}"
	ProjectSection(ProjectDependencies) = postProject
		{6DE78A45-B642-42FA-A469-EA8474162724} = {6DE78A45-B642-42FA-A469-EA8474162724}
	EndProjectSection
EndProject
Project("{8BC9CEB8-8B4A-11D0-8D11-00A0C91BC942}") = "test06", "_prj_msvc\test06.vcxproj", "{C53E85AF-9D04-4876-AF71-2A01E306994A}"
	ProjectSection(ProjectDependencies) = postProject
		{6DE78A45-B642-42FA-A469-EA8474162724} = {6DE78A45-B642-42FA-A469-EA8474162724}
		{D8DADFAC-CFB0-4CFF-84C4-DB7C45DBA759} = {D8DADFAC-CFB0-4CFF-84C4-DB7C45DBA759}
	EndProjectSection
EndProject
Project("{8BC9CEB8-8B4A-11D0-8D11-00A0C91BC942}") = "test06_dll", "_prj_msvc\test06_dll.vcxproj", "{D8DADFAC-CFB0-4CFF-84C4-DB7C45DBA759}"
	ProjectSection(ProjectDependencies) = postProject
		{6DE78A45-B642-42FA-A469-EA8474162724} = {6DE78A45-B642-42FA-A469-EA8474162724}
	EndProjectSection
EndProject
Project("{8BC9CEB8-8B4A-11D0-8D11-00A0C91BC942}") = "e_sqlite3", "_prj_msvc\e_sqlite3.vcxproj", "{4F70FB47-7840-42B6-B5E9-7C6FC4DB198D}"
EndProject
Project("{8BC9CEB8-8B4A-11D0-8D11-00A0C91BC942}") = "test07", "_prj_msvc\test07.vcxproj", "{66DAB3AC-AFBF-444C-8FE7-8D5586BFCD8C}"
	ProjectSection(ProjectDependencies) = postProject
		{0414D016-34A1-4CD5-827E-B9818DF1995C} = {0414D016-34A1-4CD5-827E-B9818DF1995C}
	EndProjectSection
EndProject
Project("{8BC9CEB8-8B4A-11D0-8D11-00A0C91BC942}") = "test07_dll", "_prj_msvc\test07_dll.vcxproj", "{0414D016-34A1-4CD5-827E-B9818DF1995C}"
	ProjectSection(ProjectDependencies) = postProject
		{6DE78A45-B642-42FA-A469-EA8474162724} = {6DE78A45-B642-42FA-A469-EA8474162724}
	EndProjectSection
EndProject
Project("{8BC9CEB8-8B4A-11D0-8D11-00A0C91BC942}") = "test08", "_prj_msvc\test08.vcxproj", "{DBEAAFC3-72C6-4D0C-A9FA-E7F95CCC2DB2}"
	ProjectSection(ProjectDependencies) = postProject
		{6DE78A45-B642-42FA-A469-EA8474162724} = {6DE78A45-B642-42FA-A469-EA8474162724}
		{B471BABB-EAAF-4ED1-84F3-CE2189D01ACF} = {B471BABB-EAAF-4ED1-84F3-CE2189D01ACF}
	EndProjectSection
EndProject
Project("{8BC9CEB8-8B4A-11D0-8D11-00A0C91BC942}") = "test08_dll", "_prj_msvc\test08_dll.vcxproj", "{B471BABB-EAAF-4ED1-84F3-CE2189D01ACF}"
	ProjectSection(ProjectDependencies) = postProject
		{6DE78A45-B642-42FA-A469-EA8474162724} = {6DE78A45-B642-42FA-A469-EA8474162724}
	EndProjectSection
EndProject
Global
	GlobalSection(SolutionConfigurationPlatforms) = preSolution
		Debug|x64 = Debug|x64
		Debug|x86 = Debug|x86
		MinSizeRel|x64 = MinSizeRel|x64
		MinSizeRel|x86 = MinSizeRel|x86
		Release|x64 = Release|x64
		Release|x86 = Release|x86
		RelWithDebInfo|x64 = RelWithDebInfo|x64
		RelWithDebInfo|x86 = RelWithDebInfo|x86
	EndGlobalSection
	GlobalSection(ProjectConfigurationPlatforms) = postSolution
		{3D6DF49F-B8E5-4149-BD3B-66D02D68C200}.Debug|x64.ActiveCfg = Debug|x64
		{3D6DF49F-B8E5-4149-BD3B-66D02D68C200}.Debug|x64.Build.0 = Debug|x64
		{3D6DF49F-B8E5-4149-BD3B-66D02D68C200}.Debug|x86.ActiveCfg = Debug|Win32
		{3D6DF49F-B8E5-4149-BD3B-66D02D68C200}.Debug|x86.Build.0 = Debug|Win32
		{3D6DF49F-B8E5-4149-BD3B-66D02D68C200}.MinSizeRel|x64.ActiveCfg = MinSizeRel|x64
		{3D6DF49F-B8E5-4149-BD3B-66D02D68C200}.MinSizeRel|x64.Build.0 = MinSizeRel|x64
		{3D6DF49F-B8E5-4149-BD3B-66D02D68C200}.MinSizeRel|x86.ActiveCfg = MinSizeRel|x64
		{3D6DF49F-B8E5-4149-BD3B-66D02D68C200}.Release|x64.ActiveCfg = Release|x64
		{3D6DF49F-B8E5-4149-BD3B-66D02D68C200}.Release|x64.Build.0 = Release|x64
		{3D6DF49F-B8E5-4149-BD3B-66D02D68C200}.Release|x86.ActiveCfg = Release|Win32
		{3D6DF49F-B8E5-4149-BD3B-66D02D68C200}.Release|x86.Build.0 = Release|Win32
		{3D6DF49F-B8E5-4149-BD3B-66D02D68C200}.RelWithDebInfo|x64.ActiveCfg = RelWithDebInfo|Win32
		{3D6DF49F-B8E5-4149-BD3B-66D02D68C200}.RelWithDebInfo|x86.ActiveCfg = RelWithDebInfo|Win32
		{3D6DF49F-B8E5-4149-BD3B-66D02D68C200}.RelWithDebInfo|x86.Build.0 = RelWithDebInfo|Win32
		{A6A86DAD-D927-42FC-8FD8-725C43FFF8F4}.Debug|x64.ActiveCfg = Debug|x64
		{A6A86DAD-D927-42FC-8FD8-725C43FFF8F4}.Debug|x64.Build.0 = Debug|x64
		{A6A86DAD-D927-42FC-8FD8-725C43FFF8F4}.Debug|x86.ActiveCfg = Debug|Win32
		{A6A86DAD-D927-42FC-8FD8-725C43FFF8F4}.Debug|x86.Build.0 = Debug|Win32
		{A6A86DAD-D927-42FC-8FD8-725C43FFF8F4}.MinSizeRel|x64.ActiveCfg = MinSizeRel|x64
		{A6A86DAD-D927-42FC-8FD8-725C43FFF8F4}.MinSizeRel|x64.Build.0 = MinSizeRel|x64
		{A6A86DAD-D927-42FC-8FD8-725C43FFF8F4}.MinSizeRel|x86.ActiveCfg = MinSizeRel|x64
		{A6A86DAD-D927-42FC-8FD8-725C43FFF8F4}.Release|x64.ActiveCfg = Release|x64
		{A6A86DAD-D927-42FC-8FD8-725C43FFF8F4}.Release|x64.Build.0 = Release|x64
		{A6A86DAD-D927-42FC-8FD8-725C43FFF8F4}.Release|x86.ActiveCfg = Release|Win32
		{A6A86DAD-D927-42FC-8FD8-725C43FFF8F4}.Release|x86.Build.0 = Release|Win32
		{A6A86DAD-D927-42FC-8FD8-725C43FFF8F4}.RelWithDebInfo|x64.ActiveCfg = RelWithDebInfo|Win32
		{A6A86DAD-D927-42FC-8FD8-725C43FFF8F4}.RelWithDebInfo|x86.ActiveCfg = RelWithDebInfo|Win32
		{A6A86DAD-D927-42FC-8FD8-725C43FFF8F4}.RelWithDebInfo|x86.Build.0 = RelWithDebInfo|Win32
		{360C7703-1F92-4AD7-ABA5-1D7513496641}.Debug|x64.ActiveCfg = Debug|x64
		{360C7703-1F92-4AD7-ABA5-1D7513496641}.Debug|x64.Build.0 = Debug|x64
		{360C7703-1F92-4AD7-ABA5-1D7513496641}.Debug|x86.ActiveCfg = Debug|Win32
		{360C7703-1F92-4AD7-ABA5-1D7513496641}.Debug|x86.Build.0 = Debug|Win32
		{360C7703-1F92-4AD7-ABA5-1D7513496641}.MinSizeRel|x64.ActiveCfg = MinSizeRel|x64
		{360C7703-1F92-4AD7-ABA5-1D7513496641}.MinSizeRel|x64.Build.0 = MinSizeRel|x64
		{360C7703-1F92-4AD7-ABA5-1D7513496641}.MinSizeRel|x86.ActiveCfg = MinSizeRel|x64
		{360C7703-1F92-4AD7-ABA5-1D7513496641}.Release|x64.ActiveCfg = Release|x64
		{360C7703-1F92-4AD7-ABA5-1D7513496641}.Release|x64.Build.0 = Release|x64
		{360C7703-1F92-4AD7-ABA5-1D7513496641}.Release|x86.ActiveCfg = Release|Win32
		{360C7703-1F92-4AD7-ABA5-1D7513496641}.Release|x86.Build.0 = Release|Win32
		{360C7703-1F92-4AD7-ABA5-1D7513496641}.RelWithDebInfo|x64.ActiveCfg = RelWithDebInfo|Win32
		{360C7703-1F92-4AD7-ABA5-1D7513496641}.RelWithDebInfo|x86.ActiveCfg = RelWithDebInfo|Win32
		{360C7703-1F92-4AD7-ABA5-1D7513496641}.RelWithDebInfo|x86.Build.0 = RelWithDebInfo|Win32
		{572CE5FA-FC0C-4A34-BCFE-4F17D097B9B3}.Debug|x64.ActiveCfg = Debug|x64
		{572CE5FA-FC0C-4A34-BCFE-4F17D097B9B3}.Debug|x64.Build.0 = Debug|x64
		{572CE5FA-FC0C-4A34-BCFE-4F17D097B9B3}.Debug|x86.ActiveCfg = Debug|Win32
		{572CE5FA-FC0C-4A34-BCFE-4F17D097B9B3}.Debug|x86.Build.0 = Debug|Win32
		{572CE5FA-FC0C-4A34-BCFE-4F17D097B9B3}.MinSizeRel|x64.ActiveCfg = MinSizeRel|x64
		{572CE5FA-FC0C-4A34-BCFE-4F17D097B9B3}.MinSizeRel|x64.Build.0 = MinSizeRel|x64
		{572CE5FA-FC0C-4A34-BCFE-4F17D097B9B3}.MinSizeRel|x86.ActiveCfg = MinSizeRel|x64
		{572CE5FA-FC0C-4A34-BCFE-4F17D097B9B3}.Release|x64.ActiveCfg = Release|x64
		{572CE5FA-FC0C-4A34-BCFE-4F17D097B9B3}.Release|x64.Build.0 = Release|x64
		{572CE5FA-FC0C-4A34-BCFE-4F17D097B9B3}.Release|x86.ActiveCfg = Release|Win32
		{572CE5FA-FC0C-4A34-BCFE-4F17D097B9B3}.Release|x86.Build.0 = Release|Win32
		{572CE5FA-FC0C-4A34-BCFE-4F17D097B9B3}.RelWithDebInfo|x64.ActiveCfg = RelWithDebInfo|Win32
		{572CE5FA-FC0C-4A34-BCFE-4F17D097B9B3}.RelWithDebInfo|x86.ActiveCfg = RelWithDebInfo|Win32
		{572CE5FA-FC0C-4A34-BCFE-4F17D097B9B3}.RelWithDebInfo|x86.Build.0 = RelWithDebInfo|Win32
		{153CAD82-8C50-45CB-A3B6-C9EA4FCCDEF0}.Debug|x64.ActiveCfg = Debug|x64
		{153CAD82-8C50-45CB-A3B6-C9EA4FCCDEF0}.Debug|x64.Build.0 = Debug|x64
		{153CAD82-8C50-45CB-A3B6-C9EA4FCCDEF0}.Debug|x86.ActiveCfg = Debug|Win32
		{153CAD82-8C50-45CB-A3B6-C9EA4FCCDEF0}.Debug|x86.Build.0 = Debug|Win32
		{153CAD82-8C50-45CB-A3B6-C9EA4FCCDEF0}.MinSizeRel|x64.ActiveCfg = MinSizeRel|x64
		{153CAD82-8C50-45CB-A3B6-C9EA4FCCDEF0}.MinSizeRel|x64.Build.0 = MinSizeRel|x64
		{153CAD82-8C50-45CB-A3B6-C9EA4FCCDEF0}.MinSizeRel|x86.ActiveCfg = MinSizeRel|x64
		{153CAD82-8C50-45CB-A3B6-C9EA4FCCDEF0}.Release|x64.ActiveCfg = Release|x64
		{153CAD82-8C50-45CB-A3B6-C9EA4FCCDEF0}.Release|x64.Build.0 = Release|x64
		{153CAD82-8C50-45CB-A3B6-C9EA4FCCDEF0}.Release|x86.ActiveCfg = Release|Win32
		{153CAD82-8C50-45CB-A3B6-C9EA4FCCDEF0}.Release|x86.Build.0 = Release|Win32
		{153CAD82-8C50-45CB-A3B6-C9EA4FCCDEF0}.RelWithDebInfo|x64.ActiveCfg = RelWithDebInfo|Win32
		{153CAD82-8C50-45CB-A3B6-C9EA4FCCDEF0}.RelWithDebInfo|x86.ActiveCfg = RelWithDebInfo|Win32
		{153CAD82-8C50-45CB-A3B6-C9EA4FCCDEF0}.RelWithDebInfo|x86.Build.0 = RelWithDebInfo|Win32
		{C9E6F250-09C3-44A7-A709-1A1B90AD6231}.Debug|x64.ActiveCfg = Debug|x64
		{C9E6F250-09C3-44A7-A709-1A1B90AD6231}.Debug|x64.Build.0 = Debug|x64
		{C9E6F250-09C3-44A7-A709-1A1B90AD6231}.Debug|x86.ActiveCfg = Debug|Win32
		{C9E6F250-09C3-44A7-A709-1A1B90AD6231}.Debug|x86.Build.0 = Debug|Win32
		{C9E6F250-09C3-44A7-A709-1A1B90AD6231}.MinSizeRel|x64.ActiveCfg = MinSizeRel|x64
		{C9E6F250-09C3-44A7-A709-1A1B90AD6231}.MinSizeRel|x64.Build.0 = MinSizeRel|x64
		{C9E6F250-09C3-44A7-A709-1A1B90AD6231}.MinSizeRel|x86.ActiveCfg = MinSizeRel|x64
		{C9E6F250-09C3-44A7-A709-1A1B90AD6231}.Release|x64.ActiveCfg = Release|x64
		{C9E6F250-09C3-44A7-A709-1A1B90AD6231}.Release|x64.Build.0 = Release|x64
		{C9E6F250-09C3-44A7-A709-1A1B90AD6231}.Release|x86.ActiveCfg = Release|Win32
		{C9E6F250-09C3-44A7-A709-1A1B90AD6231}.Release|x86.Build.0 = Release|Win32
		{C9E6F250-09C3-44A7-A709-1A1B90AD6231}.RelWithDebInfo|x64.ActiveCfg = RelWithDebInfo|Win32
		{C9E6F250-09C3-44A7-A709-1A1B90AD6231}.RelWithDebInfo|x86.ActiveCfg = RelWithDebInfo|Win32
		{C9E6F250-09C3-44A7-A709-1A1B90AD6231}.RelWithDebInfo|x86.Build.0 = RelWithDebInfo|Win32
		{6DE78A45-B642-42FA-A469-EA8474162724}.Debug|x64.ActiveCfg = Debug|x64
		{6DE78A45-B642-42FA-A469-EA8474162724}.Debug|x64.Build.0 = Debug|x64
		{6DE78A45-B642-42FA-A469-EA8474162724}.Debug|x86.ActiveCfg = Debug|Win32
		{6DE78A45-B642-42FA-A469-EA8474162724}.Debug|x86.Build.0 = Debug|Win32
		{6DE78A45-B642-42FA-A469-EA8474162724}.MinSizeRel|x64.ActiveCfg = MinSizeRel|x64
		{6DE78A45-B642-42FA-A469-EA8474162724}.MinSizeRel|x64.Build.0 = MinSizeRel|x64
		{6DE78A45-B642-42FA-A469-EA8474162724}.MinSizeRel|x86.ActiveCfg = MinSizeRel|x64
		{6DE78A45-B642-42FA-A469-EA8474162724}.Release|x64.ActiveCfg = Release|x64
		{6DE78A45-B642-42FA-A469-EA8474162724}.Release|x64.Build.0 = Release|x64
		{6DE78A45-B642-42FA-A469-EA8474162724}.Release|x86.ActiveCfg = Release|Win32
		{6DE78A45-B642-42FA-A469-EA8474162724}.Release|x86.Build.0 = Release|Win32
		{6DE78A45-B642-42FA-A469-EA8474162724}.RelWithDebInfo|x64.ActiveCfg = RelWithDebInfo|Win32
		{6DE78A45-B642-42FA-A469-EA8474162724}.RelWithDebInfo|x86.ActiveCfg = RelWithDebInfo|Win32
		{6DE78A45-B642-42FA-A469-EA8474162724}.RelWithDebInfo|x86.Build.0 = RelWithDebInfo|Win32
		{8A89C7CD-D6E2-407F-88BF-DDEED8DB9AAB}.Debug|x64.ActiveCfg = Debug|x64
		{8A89C7CD-D6E2-407F-88BF-DDEED8DB9AAB}.Debug|x64.Build.0 = Debug|x64
		{8A89C7CD-D6E2-407F-88BF-DDEED8DB9AAB}.Debug|x86.ActiveCfg = Debug|Win32
		{8A89C7CD-D6E2-407F-88BF-DDEED8DB9AAB}.Debug|x86.Build.0 = Debug|Win32
		{8A89C7CD-D6E2-407F-88BF-DDEED8DB9AAB}.MinSizeRel|x64.ActiveCfg = MinSizeRel|x64
		{8A89C7CD-D6E2-407F-88BF-DDEED8DB9AAB}.MinSizeRel|x64.Build.0 = MinSizeRel|x64
		{8A89C7CD-D6E2-407F-88BF-DDEED8DB9AAB}.MinSizeRel|x86.ActiveCfg = MinSizeRel|x64
		{8A89C7CD-D6E2-407F-88BF-DDEED8DB9AAB}.Release|x64.ActiveCfg = Release|x64
		{8A89C7CD-D6E2-407F-88BF-DDEED8DB9AAB}.Release|x64.Build.0 = Release|x64
		{8A89C7CD-D6E2-407F-88BF-DDEED8DB9AAB}.Release|x86.ActiveCfg = Release|Win32
		{8A89C7CD-D6E2-407F-88BF-DDEED8DB9AAB}.Release|x86.Build.0 = Release|Win32
		{8A89C7CD-D6E2-407F-88BF-DDEED8DB9AAB}.RelWithDebInfo|x64.ActiveCfg = RelWithDebInfo|Win32
		{8A89C7CD-D6E2-407F-88BF-DDEED8DB9AAB}.RelWithDebInfo|x86.ActiveCfg = RelWithDebInfo|Win32
		{8A89C7CD-D6E2-407F-88BF-DDEED8DB9AAB}.RelWithDebInfo|x86.Build.0 = RelWithDebInfo|Win32
		{FAAA0FC5-9FE7-4C0B-8280-1BF4F2FE38EB}.Debug|x64.ActiveCfg = Debug|x64
		{FAAA0FC5-9FE7-4C0B-8280-1BF4F2FE38EB}.Debug|x64.Build.0 = Debug|x64
		{FAAA0FC5-9FE7-4C0B-8280-1BF4F2FE38EB}.Debug|x86.ActiveCfg = Debug|Win32
		{FAAA0FC5-9FE7-4C0B-8280-1BF4F2FE38EB}.Debug|x86.Build.0 = Debug|Win32
		{FAAA0FC5-9FE7-4C0B-8280-1BF4F2FE38EB}.MinSizeRel|x64.ActiveCfg = MinSizeRel|x64
		{FAAA0FC5-9FE7-4C0B-8280-1BF4F2FE38EB}.MinSizeRel|x64.Build.0 = MinSizeRel|x64
		{FAAA0FC5-9FE7-4C0B-8280-1BF4F2FE38EB}.MinSizeRel|x86.ActiveCfg = MinSizeRel|x64
		{FAAA0FC5-9FE7-4C0B-8280-1BF4F2FE38EB}.Release|x64.ActiveCfg = Release|x64
		{FAAA0FC5-9FE7-4C0B-8280-1BF4F2FE38EB}.Release|x64.Build.0 = Release|x64
		{FAAA0FC5-9FE7-4C0B-8280-1BF4F2FE38EB}.Release|x86.ActiveCfg = Release|Win32
		{FAAA0FC5-9FE7-4C0B-8280-1BF4F2FE38EB}.Release|x86.Build.0 = Release|Win32
		{FAAA0FC5-9FE7-4C0B-8280-1BF4F2FE38EB}.RelWithDebInfo|x64.ActiveCfg = RelWithDebInfo|Win32
		{FAAA0FC5-9FE7-4C0B-8280-1BF4F2FE38EB}.RelWithDebInfo|x86.ActiveCfg = RelWithDebInfo|Win32
		{FAAA0FC5-9FE7-4C0B-8280-1BF4F2FE38EB}.RelWithDebInfo|x86.Build.0 = RelWithDebInfo|Win32
		{8E82213D-051B-4AD4-973E-8FF68AACB38D}.Debug|x64.ActiveCfg = Debug|x64
		{8E82213D-051B-4AD4-973E-8FF68AACB38D}.Debug|x64.Build.0 = Debug|x64
		{8E82213D-051B-4AD4-973E-8FF68AACB38D}.Debug|x86.ActiveCfg = Debug|Win32
		{8E82213D-051B-4AD4-973E-8FF68AACB38D}.Debug|x86.Build.0 = Debug|Win32
		{8E82213D-051B-4AD4-973E-8FF68AACB38D}.MinSizeRel|x64.ActiveCfg = MinSizeRel|x64
		{8E82213D-051B-4AD4-973E-8FF68AACB38D}.MinSizeRel|x64.Build.0 = MinSizeRel|x64
		{8E82213D-051B-4AD4-973E-8FF68AACB38D}.MinSizeRel|x86.ActiveCfg = MinSizeRel|x64
		{8E82213D-051B-4AD4-973E-8FF68AACB38D}.Release|x64.ActiveCfg = Release|x64
		{8E82213D-051B-4AD4-973E-8FF68AACB38D}.Release|x64.Build.0 = Release|x64
		{8E82213D-051B-4AD4-973E-8FF68AACB38D}.Release|x86.ActiveCfg = Release|Win32
		{8E82213D-051B-4AD4-973E-8FF68AACB38D}.Release|x86.Build.0 = Release|Win32
		{8E82213D-051B-4AD4-973E-8FF68AACB38D}.RelWithDebInfo|x64.ActiveCfg = RelWithDebInfo|Win32
		{8E82213D-051B-4AD4-973E-8FF68AACB38D}.RelWithDebInfo|x86.ActiveCfg = RelWithDebInfo|Win32
		{8E82213D-051B-4AD4-973E-8FF68AACB38D}.RelWithDebInfo|x86.Build.0 = RelWithDebInfo|Win32
		{C53E85AF-9D04-4876-AF71-2A01E306994A}.Debug|x64.ActiveCfg = Debug|x64
		{C53E85AF-9D04-4876-AF71-2A01E306994A}.Debug|x64.Build.0 = Debug|x64
		{C53E85AF-9D04-4876-AF71-2A01E306994A}.Debug|x86.ActiveCfg = Debug|Win32
		{C53E85AF-9D04-4876-AF71-2A01E306994A}.Debug|x86.Build.0 = Debug|Win32
		{C53E85AF-9D04-4876-AF71-2A01E306994A}.MinSizeRel|x64.ActiveCfg = MinSizeRel|x64
		{C53E85AF-9D04-4876-AF71-2A01E306994A}.MinSizeRel|x64.Build.0 = MinSizeRel|x64
		{C53E85AF-9D04-4876-AF71-2A01E306994A}.MinSizeRel|x86.ActiveCfg = MinSizeRel|x64
		{C53E85AF-9D04-4876-AF71-2A01E306994A}.Release|x64.ActiveCfg = Release|x64
		{C53E85AF-9D04-4876-AF71-2A01E306994A}.Release|x64.Build.0 = Release|x64
		{C53E85AF-9D04-4876-AF71-2A01E306994A}.Release|x86.ActiveCfg = Release|Win32
		{C53E85AF-9D04-4876-AF71-2A01E306994A}.Release|x86.Build.0 = Release|Win32
		{C53E85AF-9D04-4876-AF71-2A01E306994A}.RelWithDebInfo|x64.ActiveCfg = RelWithDebInfo|Win32
		{C53E85AF-9D04-4876-AF71-2A01E306994A}.RelWithDebInfo|x86.ActiveCfg = RelWithDebInfo|Win32
		{C53E85AF-9D04-4876-AF71-2A01E306994A}.RelWithDebInfo|x86.Build.0 = RelWithDebInfo|Win32
		{D8DADFAC-CFB0-4CFF-84C4-DB7C45DBA759}.Debug|x64.ActiveCfg = Debug|x64
		{D8DADFAC-CFB0-4CFF-84C4-DB7C45DBA759}.Debug|x64.Build.0 = Debug|x64
		{D8DADFAC-CFB0-4CFF-84C4-DB7C45DBA759}.Debug|x86.ActiveCfg = Debug|Win32
		{D8DADFAC-CFB0-4CFF-84C4-DB7C45DBA759}.Debug|x86.Build.0 = Debug|Win32
		{D8DADFAC-CFB0-4CFF-84C4-DB7C45DBA759}.MinSizeRel|x64.ActiveCfg = MinSizeRel|x64
		{D8DADFAC-CFB0-4CFF-84C4-DB7C45DBA759}.MinSizeRel|x64.Build.0 = MinSizeRel|x64
		{D8DADFAC-CFB0-4CFF-84C4-DB7C45DBA759}.MinSizeRel|x86.ActiveCfg = MinSizeRel|x64
		{D8DADFAC-CFB0-4CFF-84C4-DB7C45DBA759}.Release|x64.ActiveCfg = Release|x64
		{D8DADFAC-CFB0-4CFF-84C4-DB7C45DBA759}.Release|x64.Build.0 = Release|x64
		{D8DADFAC-CFB0-4CFF-84C4-DB7C45DBA759}.Release|x86.ActiveCfg = Release|Win32
		{D8DADFAC-CFB0-4CFF-84C4-DB7C45DBA759}.Release|x86.Build.0 = Release|Win32
		{D8DADFAC-CFB0-4CFF-84C4-DB7C45DBA759}.RelWithDebInfo|x64.ActiveCfg = RelWithDebInfo|Win32
		{D8DADFAC-CFB0-4CFF-84C4-DB7C45DBA759}.RelWithDebInfo|x86.ActiveCfg = RelWithDebInfo|Win32
		{D8DADFAC-CFB0-4CFF-84C4-DB7C45DBA759}.RelWithDebInfo|x86.Build.0 = RelWithDebInfo|Win32
		{4F70FB47-7840-42B6-B5E9-7C6FC4DB198D}.Debug|x64.ActiveCfg = Debug|x64
		{4F70FB47-7840-42B6-B5E9-7C6FC4DB198D}.Debug|x64.Build.0 = Debug|x64
		{4F70FB47-7840-42B6-B5E9-7C6FC4DB198D}.Debug|x86.ActiveCfg = Debug|Win32
		{4F70FB47-7840-42B6-B5E9-7C6FC4DB198D}.Debug|x86.Build.0 = Debug|Win32
		{4F70FB47-7840-42B6-B5E9-7C6FC4DB198D}.MinSizeRel|x64.ActiveCfg = MinSizeRel|x64
		{4F70FB47-7840-42B6-B5E9-7C6FC4DB198D}.MinSizeRel|x64.Build.0 = MinSizeRel|x64
		{4F70FB47-7840-42B6-B5E9-7C6FC4DB198D}.MinSizeRel|x86.ActiveCfg = MinSizeRel|x64
		{4F70FB47-7840-42B6-B5E9-7C6FC4DB198D}.Release|x64.ActiveCfg = Release|x64
		{4F70FB47-7840-42B6-B5E9-7C6FC4DB198D}.Release|x64.Build.0 = Release|x64
		{4F70FB47-7840-42B6-B5E9-7C6FC4DB198D}.Release|x86.ActiveCfg = Release|Win32
		{4F70FB47-7840-42B6-B5E9-7C6FC4DB198D}.Release|x86.Build.0 = Release|Win32
		{4F70FB47-7840-42B6-B5E9-7C6FC4DB198D}.RelWithDebInfo|x64.ActiveCfg = RelWithDebInfo|Win32
		{4F70FB47-7840-42B6-B5E9-7C6FC4DB198D}.RelWithDebInfo|x86.ActiveCfg = RelWithDebInfo|Win32
		{4F70FB47-7840-42B6-B5E9-7C6FC4DB198D}.RelWithDebInfo|x86.Build.0 = RelWithDebInfo|Win32
		{66DAB3AC-AFBF-444C-8FE7-8D5586BFCD8C}.Debug|x64.ActiveCfg = Debug|x64
		{66DAB3AC-AFBF-444C-8FE7-8D5586BFCD8C}.Debug|x64.Build.0 = Debug|x64
		{66DAB3AC-AFBF-444C-8FE7-8D5586BFCD8C}.Debug|x86.ActiveCfg = Debug|Win32
		{66DAB3AC-AFBF-444C-8FE7-8D5586BFCD8C}.Debug|x86.Build.0 = Debug|Win32
		{66DAB3AC-AFBF-444C-8FE7-8D5586BFCD8C}.MinSizeRel|x64.ActiveCfg = MinSizeRel|x64
		{66DAB3AC-AFBF-444C-8FE7-8D5586BFCD8C}.MinSizeRel|x64.Build.0 = MinSizeRel|x64
		{66DAB3AC-AFBF-444C-8FE7-8D5586BFCD8C}.MinSizeRel|x86.ActiveCfg = MinSizeRel|x64
		{66DAB3AC-AFBF-444C-8FE7-8D5586BFCD8C}.Release|x64.ActiveCfg = Release|x64
		{66DAB3AC-AFBF-444C-8FE7-8D5586BFCD8C}.Release|x64.Build.0 = Release|x64
		{66DAB3AC-AFBF-444C-8FE7-8D5586BFCD8C}.Release|x86.ActiveCfg = Release|Win32
		{66DAB3AC-AFBF-444C-8FE7-8D5586BFCD8C}.Release|x86.Build.0 = Release|Win32
		{66DAB3AC-AFBF-444C-8FE7-8D5586BFCD8C}.RelWithDebInfo|x64.ActiveCfg = RelWithDebInfo|Win32
		{66DAB3AC-AFBF-444C-8FE7-8D5586BFCD8C}.RelWithDebInfo|x86.ActiveCfg = RelWithDebInfo|Win32
		{66DAB3AC-AFBF-444C-8FE7-8D5586BFCD8C}.RelWithDebInfo|x86.Build.0 = RelWithDebInfo|Win32
		{0414D016-34A1-4CD5-827E-B9818DF1995C}.Debug|x64.ActiveCfg = Debug|x64
		{0414D016-34A1-4CD5-827E-B9818DF1995C}.Debug|x64.Build.0 = Debug|x64
		{0414D016-34A1-4CD5-827E-B9818DF1995C}.Debug|x86.ActiveCfg = Debug|Win32
		{0414D016-34A1-4CD5-827E-B9818DF1995C}.Debug|x86.Build.0 = Debug|Win32
		{0414D016-34A1-4CD5-827E-B9818DF1995C}.MinSizeRel|x64.ActiveCfg = MinSizeRel|x64
		{0414D016-34A1-4CD5-827E-B9818DF1995C}.MinSizeRel|x64.Build.0 = MinSizeRel|x64
		{0414D016-34A1-4CD5-827E-B9818DF1995C}.MinSizeRel|x86.ActiveCfg = MinSizeRel|x64
		{0414D016-34A1-4CD5-827E-B9818DF1995C}.Release|x64.ActiveCfg = Release|x64
		{0414D016-34A1-4CD5-827E-B9818DF1995C}.Release|x64.Build.0 = Release|x64
		{0414D016-34A1-4CD5-827E-B9818DF1995C}.Release|x86.ActiveCfg = Release|Win32
		{0414D016-34A1-4CD5-827E-B9818DF1995C}.Release|x86.Build.0 = Release|Win32
		{0414D016-34A1-4CD5-827E-B9818DF1995C}.RelWithDebInfo|x64.ActiveCfg = RelWithDebInfo|Win32
		{0414D016-34A1-4CD5-827E-B9818DF1995C}.RelWithDebInfo|x86.ActiveCfg = RelWithDebInfo|Win32
		{0414D016-34A1-4CD5-827E-B9818DF1995C}.RelWithDebInfo|x86.Build.0 = RelWithDebInfo|Win32
		{DBEAAFC3-72C6-4D0C-A9FA-E7F95CCC2DB2}.Debug|x64.ActiveCfg = Debug|x64
		{DBEAAFC3-72C6-4D0C-A9FA-E7F95CCC2DB2}.Debug|x64.Build.0 = Debug|x64
		{DBEAAFC3-72C6-4D0C-A9FA-E7F95CCC2DB2}.Debug|x86.ActiveCfg = Debug|Win32
		{DBEAAFC3-72C6-4D0C-A9FA-E7F95CCC2DB2}.Debug|x86.Build.0 = Debug|Win32
		{DBEAAFC3-72C6-4D0C-A9FA-E7F95CCC2DB2}.MinSizeRel|x64.ActiveCfg = MinSizeRel|x64
		{DBEAAFC3-72C6-4D0C-A9FA-E7F95CCC2DB2}.MinSizeRel|x64.Build.0 = MinSizeRel|x64
		{DBEAAFC3-72C6-4D0C-A9FA-E7F95CCC2DB2}.MinSizeRel|x86.ActiveCfg = MinSizeRel|x64
		{DBEAAFC3-72C6-4D0C-A9FA-E7F95CCC2DB2}.Release|x64.ActiveCfg = Release|x64
		{DBEAAFC3-72C6-4D0C-A9FA-E7F95CCC2DB2}.Release|x64.Build.0 = Release|x64
		{DBEAAFC3-72C6-4D0C-A9FA-E7F95CCC2DB2}.Release|x86.ActiveCfg = Release|Win32
		{DBEAAFC3-72C6-4D0C-A9FA-E7F95CCC2DB2}.Release|x86.Build.0 = Release|Win32
		{DBEAAFC3-72C6-4D0C-A9FA-E7F95CCC2DB2}.RelWithDebInfo|x64.ActiveCfg = RelWithDebInfo|Win32
		{DBEAAFC3-72C6-4D0C-A9FA-E7F95CCC2DB2}.RelWithDebInfo|x86.ActiveCfg = RelWithDebInfo|Win32
		{DBEAAFC3-72C6-4D0C-A9FA-E7F95CCC2DB2}.RelWithDebInfo|x86.Build.0 = RelWithDebInfo|Win32
		{B471BABB-EAAF-4ED1-84F3-CE2189D01ACF}.Debug|x64.ActiveCfg = Debug|x64
		{B471BABB-EAAF-4ED1-84F3-CE2189D01ACF}.Debug|x64.Build.0 = Debug|x64
		{B471BABB-EAAF-4ED1-84F3-CE2189D01ACF}.Debug|x86.ActiveCfg = Debug|Win32
		{B471BABB-EAAF-4ED1-84F3-CE2189D01ACF}.Debug|x86.Build.0 = Debug|Win32
		{B471BABB-EAAF-4ED1-84F3-CE2189D01ACF}.MinSizeRel|x64.ActiveCfg = MinSizeRel|x64
		{B471BABB-EAAF-4ED1-84F3-CE2189D01ACF}.MinSizeRel|x64.Build.0 = MinSizeRel|x64
		{B471BABB-EAAF-4ED1-84F3-CE2189D01ACF}.MinSizeRel|x86.ActiveCfg = MinSizeRel|x64
		{B471BABB-EAAF-4ED1-84F3-CE2189D01ACF}.Release|x64.ActiveCfg = Release|x64
		{B471BABB-EAAF-4ED1-84F3-CE2189D01ACF}.Release|x64.Build.0 = Release|x64
		{B471BABB-EAAF-4ED1-84F3-CE2189D01ACF}.Release|x86.ActiveCfg = Release|Win32
		{B471BABB-EAAF-4ED1-84F3-CE2189D01ACF}.Release|x86.Build.0 = Release|Win32
		{B471BABB-EAAF-4ED1-84F3-CE2189D01ACF}.RelWithDebInfo|x64.ActiveCfg = RelWithDebInfo|Win32
		{B471BABB-EAAF-4ED1-84F3-CE2189D01ACF}.RelWithDebInfo|x86.ActiveCfg = RelWithDebInfo|Win32
		{B471BABB-EAAF-4ED1-84F3-CE2189D01ACF}.RelWithDebInfo|x86.Build.0 = RelWithDebInfo|Win32
	EndGlobalSection
	GlobalSection(SolutionProperties) = preSolution
		HideSolutionNode = FALSE
	EndGlobalSection
	GlobalSection(ExtensibilityGlobals) = postSolution
		SolutionGuid = {61A4B9E9-93E7-4B0D-B3FC-40805BBDECF4}
	EndGlobalSection
EndGlobal
